
Microsoft Visual Studio Solution File, Format Version 12.00
# Visual Studio 14
VisualStudioVersion = 14.0.24720.0
MinimumVisualStudioVersion = 10.0.40219.1
Project("{FAE04EC0-301F-11D3-BF4B-00C04F79EFBC}") = "AxiomMind", "AxiomMind\AxiomMind.csproj", "{F338EB3E-55E0-44A6-B6C5-642F19F535EA}"
EndProject
Project("{FAE04EC0-301F-11D3-BF4B-00C04F79EFBC}") = "WebClient", "WebClient\WebClient.csproj", "{C2B5522B-FAF4-4FA7-9F04-A4F6AC1647EA}"
EndProject
Global
	GlobalSection(SolutionConfigurationPlatforms) = preSolution
		Debug|Any CPU = Debug|Any CPU
		Release|Any CPU = Release|Any CPU
	EndGlobalSection
	GlobalSection(ProjectConfigurationPlatforms) = postSolution
		{F338EB3E-55E0-44A6-B6C5-642F19F535EA}.Debug|Any CPU.ActiveCfg = Debug|Any CPU
		{F338EB3E-55E0-44A6-B6C5-642F19F535EA}.Debug|Any CPU.Build.0 = Debug|Any CPU
		{F338EB3E-55E0-44A6-B6C5-642F19F535EA}.Release|Any CPU.ActiveCfg = Release|Any CPU
		{F338EB3E-55E0-44A6-B6C5-642F19F535EA}.Release|Any CPU.Build.0 = Release|Any CPU
		{C2B5522B-FAF4-4FA7-9F04-A4F6AC1647EA}.Debug|Any CPU.ActiveCfg = Debug|Any CPU
		{C2B5522B-FAF4-4FA7-9F04-A4F6AC1647EA}.Debug|Any CPU.Build.0 = Debug|Any CPU
		{C2B5522B-FAF4-4FA7-9F04-A4F6AC1647EA}.Release|Any CPU.ActiveCfg = Release|Any CPU
		{C2B5522B-FAF4-4FA7-9F04-A4F6AC1647EA}.Release|Any CPU.Build.0 = Release|Any CPU
	EndGlobalSection
	GlobalSection(SolutionProperties) = preSolution
		HideSolutionNode = FALSE
	EndGlobalSection
EndGlobal
